
Microsoft Visual Studio Solution File, Format Version 12.00
# Visual Studio Version 17
VisualStudioVersion = 17.0.32112.339
MinimumVisualStudioVersion = 10.0.40219.1
Project("{FAE04EC0-301F-11D3-BF4B-00C04F79EFBC}") = "WebMessage", "WebMessage\WebMessage.csproj", "{B3F04EBA-80CE-4B6A-96BE-85B0BB7B3695}"
EndProject
Global
	GlobalSection(SolutionConfigurationPlatforms) = preSolution
		Debug|Any CPU = Debug|Any CPU
		Release|Any CPU = Release|Any CPU
	EndGlobalSection
	GlobalSection(ProjectConfigurationPlatforms) = postSolution
		{B3F04EBA-80CE-4B6A-96BE-85B0BB7B3695}.Debug|Any CPU.ActiveCfg = Debug|Any CPU
		{B3F04EBA-80CE-4B6A-96BE-85B0BB7B3695}.Debug|Any CPU.Build.0 = Debug|Any CPU
		{B3F04EBA-80CE-4B6A-96BE-85B0BB7B3695}.Release|Any CPU.ActiveCfg = Release|Any CPU
		{B3F04EBA-80CE-4B6A-96BE-85B0BB7B3695}.Release|Any CPU.Build.0 = Release|Any CPU
	EndGlobalSection
	GlobalSection(SolutionProperties) = preSolution
		HideSolutionNode = FALSE
	EndGlobalSection
	GlobalSection(ExtensibilityGlobals) = postSolution
		SolutionGuid = {CD00CFC1-C598-4B59-88C2-36DD8CE35593}
	EndGlobalSection
EndGlobal
